
Microsoft Visual Studio Solution File, Format Version 12.00
# Visual Studio Version 17
VisualStudioVersion = 17.9.34701.34
MinimumVisualStudioVersion = 10.0.40219.1
Project("{FAE04EC0-301F-11D3-BF4B-00C04F79EFBC}") = "BulkyWebApp", "BulkyWebApp\BulkyWebApp.csproj", "{39D7DAE2-7837-492E-A241-5DD7DEFF5ADE}"
EndProject
Global
	GlobalSection(SolutionConfigurationPlatforms) = preSolution
		Debug|Any CPU = Debug|Any CPU
		Release|Any CPU = Release|Any CPU
	EndGlobalSection
	GlobalSection(ProjectConfigurationPlatforms) = postSolution
		{39D7DAE2-7837-492E-A241-5DD7DEFF5ADE}.Debug|Any CPU.ActiveCfg = Debug|Any CPU
		{39D7DAE2-7837-492E-A241-5DD7DEFF5ADE}.Debug|Any CPU.Build.0 = Debug|Any CPU
		{39D7DAE2-7837-492E-A241-5DD7DEFF5ADE}.Release|Any CPU.ActiveCfg = Release|Any CPU
		{39D7DAE2-7837-492E-A241-5DD7DEFF5ADE}.Release|Any CPU.Build.0 = Release|Any CPU
	EndGlobalSection
	GlobalSection(SolutionProperties) = preSolution
		HideSolutionNode = FALSE
	EndGlobalSection
	GlobalSection(ExtensibilityGlobals) = postSolution
		SolutionGuid = {68F1C313-0101-40CE-B705-C1439E5762E3}
	EndGlobalSection
EndGlobal
